
Microsoft Visual Studio Solution File, Format Version 12.00
# Visual Studio Version 16
VisualStudioVersion = 16.0.32002.261
MinimumVisualStudioVersion = 10.0.40219.1
Project("{9A19103F-16F7-4668-BE54-9A1E7A4F7556}") = "ImageCompressor", "ImageCompressor\ImageCompressor.csproj", "{E59CE58A-25A3-48C4-B448-0C01CC4C01B5}"
EndProject
Project("{9A19103F-16F7-4668-BE54-9A1E7A4F7556}") = "TestConsole", "TestConsole\TestConsole.csproj", "{DFF6FF4A-B992-42A7-8D3D-2AD98443208C}"
EndProject
Project("{FAE04EC0-301F-11D3-BF4B-00C04F79EFBC}") = "ImageCompressorGUI", "ImageCompressorGUI\ImageCompressorGUI.csproj", "{9E86EA2B-5506-4F3F-9F7C-5C8FF63EC7C3}"
EndProject
Global
	GlobalSection(SolutionConfigurationPlatforms) = preSolution
		Debug|Any CPU = Debug|Any CPU
		Debug|x64 = Debug|x64
		Debug|x86 = Debug|x86
		Release|Any CPU = Release|Any CPU
		Release|x64 = Release|x64
		Release|x86 = Release|x86
	EndGlobalSection
	GlobalSection(ProjectConfigurationPlatforms) = postSolution
		{E59CE58A-25A3-48C4-B448-0C01CC4C01B5}.Debug|Any CPU.ActiveCfg = Debug|Any CPU
		{E59CE58A-25A3-48C4-B448-0C01CC4C01B5}.Debug|Any CPU.Build.0 = Debug|Any CPU
		{E59CE58A-25A3-48C4-B448-0C01CC4C01B5}.Debug|x64.ActiveCfg = Debug|Any CPU
		{E59CE58A-25A3-48C4-B448-0C01CC4C01B5}.Debug|x64.Build.0 = Debug|Any CPU
		{E59CE58A-25A3-48C4-B448-0C01CC4C01B5}.Debug|x86.ActiveCfg = Debug|Any CPU
		{E59CE58A-25A3-48C4-B448-0C01CC4C01B5}.Debug|x86.Build.0 = Debug|Any CPU
		{E59CE58A-25A3-48C4-B448-0C01CC4C01B5}.Release|Any CPU.ActiveCfg = Release|Any CPU
		{E59CE58A-25A3-48C4-B448-0C01CC4C01B5}.Release|Any CPU.Build.0 = Release|Any CPU
		{E59CE58A-25A3-48C4-B448-0C01CC4C01B5}.Release|x64.ActiveCfg = Release|x64
		{E59CE58A-25A3-48C4-B448-0C01CC4C01B5}.Release|x64.Build.0 = Release|x64
		{E59CE58A-25A3-48C4-B448-0C01CC4C01B5}.Release|x86.ActiveCfg = Release|Any CPU
		{E59CE58A-25A3-48C4-B448-0C01CC4C01B5}.Release|x86.Build.0 = Release|Any CPU
		{DFF6FF4A-B992-42A7-8D3D-2AD98443208C}.Debug|Any CPU.ActiveCfg = Debug|Any CPU
		{DFF6FF4A-B992-42A7-8D3D-2AD98443208C}.Debug|Any CPU.Build.0 = Debug|Any CPU
		{DFF6FF4A-B992-42A7-8D3D-2AD98443208C}.Debug|x64.ActiveCfg = Debug|Any CPU
		{DFF6FF4A-B992-42A7-8D3D-2AD98443208C}.Debug|x64.Build.0 = Debug|Any CPU
		{DFF6FF4A-B992-42A7-8D3D-2AD98443208C}.Debug|x86.ActiveCfg = Debug|Any CPU
		{DFF6FF4A-B992-42A7-8D3D-2AD98443208C}.Debug|x86.Build.0 = Debug|Any CPU
		{DFF6FF4A-B992-42A7-8D3D-2AD98443208C}.Release|Any CPU.ActiveCfg = Release|Any CPU
		{DFF6FF4A-B992-42A7-8D3D-2AD98443208C}.Release|Any CPU.Build.0 = Release|Any CPU
		{DFF6FF4A-B992-42A7-8D3D-2AD98443208C}.Release|x64.ActiveCfg = Release|x64
		{DFF6FF4A-B992-42A7-8D3D-2AD98443208C}.Release|x64.Build.0 = Release|x64
		{DFF6FF4A-B992-42A7-8D3D-2AD98443208C}.Release|x86.ActiveCfg = Release|Any CPU
		{DFF6FF4A-B992-42A7-8D3D-2AD98443208C}.Release|x86.Build.0 = Release|Any CPU
		{9E86EA2B-5506-4F3F-9F7C-5C8FF63EC7C3}.Debug|Any CPU.ActiveCfg = Debug|Any CPU
		{9E86EA2B-5506-4F3F-9F7C-5C8FF63EC7C3}.Debug|Any CPU.Build.0 = Debug|Any CPU
		{9E86EA2B-5506-4F3F-9F7C-5C8FF63EC7C3}.Debug|x64.ActiveCfg = Debug|Any CPU
		{9E86EA2B-5506-4F3F-9F7C-5C8FF63EC7C3}.Debug|x64.Build.0 = Debug|Any CPU
		{9E86EA2B-5506-4F3F-9F7C-5C8FF63EC7C3}.Debug|x86.ActiveCfg = Debug|Any CPU
		{9E86EA2B-5506-4F3F-9F7C-5C8FF63EC7C3}.Debug|x86.Build.0 = Debug|Any CPU
		{9E86EA2B-5506-4F3F-9F7C-5C8FF63EC7C3}.Release|Any CPU.ActiveCfg = Release|Any CPU
		{9E86EA2B-5506-4F3F-9F7C-5C8FF63EC7C3}.Release|Any CPU.Build.0 = Release|Any CPU
		{9E86EA2B-5506-4F3F-9F7C-5C8FF63EC7C3}.Release|x64.ActiveCfg = Release|x64
		{9E86EA2B-5506-4F3F-9F7C-5C8FF63EC7C3}.Release|x64.Build.0 = Release|x64
		{9E86EA2B-5506-4F3F-9F7C-5C8FF63EC7C3}.Release|x86.ActiveCfg = Release|Any CPU
		{9E86EA2B-5506-4F3F-9F7C-5C8FF63EC7C3}.Release|x86.Build.0 = Release|Any CPU
	EndGlobalSection
	GlobalSection(SolutionProperties) = preSolution
		HideSolutionNode = FALSE
	EndGlobalSection
	GlobalSection(ExtensibilityGlobals) = postSolution
		SolutionGuid = {715659FF-9DE0-4FEC-A487-EF0E120C6C7B}
	EndGlobalSection
EndGlobal
